{
    "_readme": [
        "This file locks the dependencies of your project to a known state",
        "Read more about it at http://getcomposer.org/doc/01-basic-usage.md#composer-lock-the-lock-file"
    ],
    "hash": "686c7eeab657813f2ea0608703c7f8e2",
    "packages": [
        {
            "name": "phing/phing",
            "version": "dev-master",
            "source": {
                "type": "git",
                "url": "https://github.com/phingofficial/phing.git",
                "reference": "24972d040542e6544b229541622df893791792c7"
            },
            "dist": {
                "type": "zip",
                "url": "https://api.github.com/repos/phingofficial/phing/zipball/24972d040542e6544b229541622df893791792c7",
                "reference": "24972d040542e6544b229541622df893791792c7",
                "shasum": ""
            },
            "require": {
                "php": ">=5.2.0"
            },
            "bin": [
                "bin/phing"
            ],
            "type": "library",
            "autoload": {
                "classmap": [
                    "classes/phing/"
                ]
            },
            "notification-url": "https://packagist.org/downloads/",
            "include-path": [
                "classes"
            ],
            "license": [
                "LGPL3"
            ],
            "authors": [
                {
                    "name": "Michiel Rook",
                    "email": "mrook@php.net"
                },
                {
                    "name": "Phing Community",
                    "homepage": "http://www.phing.info/trac/wiki/Development/Contributors"
                }
            ],
            "description": "PHing Is Not GNU make; it's a PHP project build system or build tool based on Apache Ant.",
            "homepage": "http://www.phing.info/",
            "keywords": [
                "build",
                "task",
                "tool"
            ],
            "time": "2014-02-08 12:16:05"
        }
    ],
    "packages-dev": [

    ],
    "aliases": [

    ],
    "minimum-stability": "stable",
    "stability-flags": {
        "phing/phing": 20
    },
    "platform": [

    ],
    "platform-dev": [

    ]
}
